
Microsoft Visual Studio Solution File, Format Version 12.00
# Visual Studio 15
VisualStudioVersion = 15.0.28010.2016
MinimumVisualStudioVersion = 10.0.40219.1
Project("{FAE04EC0-301F-11D3-BF4B-00C04F79EFBC}") = "Core", "Core\Core.csproj", "{43717366-A159-490B-88AD-1FCE0953E959}"
EndProject
Project("{FAE04EC0-301F-11D3-BF4B-00C04F79EFBC}") = "BasicClipboardExtApp", "BasicClipboardExtApp\BasicClipboardExtApp.csproj", "{A5C678B3-4A98-4749-B102-4905F1BEF607}"
EndProject
Global
	GlobalSection(SolutionConfigurationPlatforms) = preSolution
		Debug|Any CPU = Debug|Any CPU
		Release|Any CPU = Release|Any CPU
	EndGlobalSection
	GlobalSection(ProjectConfigurationPlatforms) = postSolution
		{43717366-A159-490B-88AD-1FCE0953E959}.Debug|Any CPU.ActiveCfg = Debug|Any CPU
		{43717366-A159-490B-88AD-1FCE0953E959}.Debug|Any CPU.Build.0 = Debug|Any CPU
		{43717366-A159-490B-88AD-1FCE0953E959}.Release|Any CPU.ActiveCfg = Release|Any CPU
		{43717366-A159-490B-88AD-1FCE0953E959}.Release|Any CPU.Build.0 = Release|Any CPU
		{A5C678B3-4A98-4749-B102-4905F1BEF607}.Debug|Any CPU.ActiveCfg = Debug|Any CPU
		{A5C678B3-4A98-4749-B102-4905F1BEF607}.Debug|Any CPU.Build.0 = Debug|Any CPU
		{A5C678B3-4A98-4749-B102-4905F1BEF607}.Release|Any CPU.ActiveCfg = Release|Any CPU
		{A5C678B3-4A98-4749-B102-4905F1BEF607}.Release|Any CPU.Build.0 = Release|Any CPU
	EndGlobalSection
	GlobalSection(SolutionProperties) = preSolution
		HideSolutionNode = FALSE
	EndGlobalSection
	GlobalSection(ExtensibilityGlobals) = postSolution
		SolutionGuid = {33DCD335-F749-4BCC-8D11-FC790C7DEAC4}
	EndGlobalSection
EndGlobal
